
Microsoft Visual Studio Solution File, Format Version 12.00
# Visual Studio 15
VisualStudioVersion = 15.0.28010.2003
MinimumVisualStudioVersion = 10.0.40219.1
Project("{FAE04EC0-301F-11D3-BF4B-00C04F79EFBC}") = "EfLunchAndLearnDbFirst.DataAccess", "EfLunchAndLearnDbFirst.DataAccess\EfLunchAndLearnDbFirst.DataAccess.csproj", "{75B0104F-0942-4DD8-819C-26CCCD3A069C}"
EndProject
Project("{FAE04EC0-301F-11D3-BF4B-00C04F79EFBC}") = "EfLunchAndLearnDbFirst.Repostiory", "EfLunchAndLearnDbFirst.Repostiory\EfLunchAndLearnDbFirst.Repostiory.csproj", "{7BD92614-BC53-410A-9E27-0DF2E9D4DDE0}"
EndProject
Project("{FAE04EC0-301F-11D3-BF4B-00C04F79EFBC}") = "EfLunchAndLearnDbFirst.Interfaces", "EfLunchAndLearnDbFirst.Interfaces\EfLunchAndLearnDbFirst.Interfaces.csproj", "{C54229F2-DB37-4069-8C49-C790AB25DF60}"
EndProject
Project("{FAE04EC0-301F-11D3-BF4B-00C04F79EFBC}") = "EfLunchAndLearnDbFirst.UI", "EfLunchAndLearnDbFirst.UI\EfLunchAndLearnDbFirst.UI.csproj", "{9272E41A-D98E-4180-89D1-C4C7BF428B83}"
EndProject
Global
	GlobalSection(SolutionConfigurationPlatforms) = preSolution
		Debug|Any CPU = Debug|Any CPU
		Release|Any CPU = Release|Any CPU
	EndGlobalSection
	GlobalSection(ProjectConfigurationPlatforms) = postSolution
		{75B0104F-0942-4DD8-819C-26CCCD3A069C}.Debug|Any CPU.ActiveCfg = Debug|Any CPU
		{75B0104F-0942-4DD8-819C-26CCCD3A069C}.Debug|Any CPU.Build.0 = Debug|Any CPU
		{75B0104F-0942-4DD8-819C-26CCCD3A069C}.Release|Any CPU.ActiveCfg = Release|Any CPU
		{75B0104F-0942-4DD8-819C-26CCCD3A069C}.Release|Any CPU.Build.0 = Release|Any CPU
		{7BD92614-BC53-410A-9E27-0DF2E9D4DDE0}.Debug|Any CPU.ActiveCfg = Debug|Any CPU
		{7BD92614-BC53-410A-9E27-0DF2E9D4DDE0}.Debug|Any CPU.Build.0 = Debug|Any CPU
		{7BD92614-BC53-410A-9E27-0DF2E9D4DDE0}.Release|Any CPU.ActiveCfg = Release|Any CPU
		{7BD92614-BC53-410A-9E27-0DF2E9D4DDE0}.Release|Any CPU.Build.0 = Release|Any CPU
		{C54229F2-DB37-4069-8C49-C790AB25DF60}.Debug|Any CPU.ActiveCfg = Debug|Any CPU
		{C54229F2-DB37-4069-8C49-C790AB25DF60}.Debug|Any CPU.Build.0 = Debug|Any CPU
		{C54229F2-DB37-4069-8C49-C790AB25DF60}.Release|Any CPU.ActiveCfg = Release|Any CPU
		{C54229F2-DB37-4069-8C49-C790AB25DF60}.Release|Any CPU.Build.0 = Release|Any CPU
		{9272E41A-D98E-4180-89D1-C4C7BF428B83}.Debug|Any CPU.ActiveCfg = Debug|Any CPU
		{9272E41A-D98E-4180-89D1-C4C7BF428B83}.Debug|Any CPU.Build.0 = Debug|Any CPU
		{9272E41A-D98E-4180-89D1-C4C7BF428B83}.Release|Any CPU.ActiveCfg = Release|Any CPU
		{9272E41A-D98E-4180-89D1-C4C7BF428B83}.Release|Any CPU.Build.0 = Release|Any CPU
	EndGlobalSection
	GlobalSection(SolutionProperties) = preSolution
		HideSolutionNode = FALSE
	EndGlobalSection
	GlobalSection(ExtensibilityGlobals) = postSolution
		SolutionGuid = {151AA398-C398-435D-97E1-BAD0BD0B4F91}
	EndGlobalSection
EndGlobal
